
Microsoft Visual Studio Solution File, Format Version 12.00
# Visual Studio Version 17
VisualStudioVersion = 17.13.35828.75 d17.13
MinimumVisualStudioVersion = 10.0.40219.1
Project("{FAE04EC0-301F-11D3-BF4B-00C04F79EFBC}") = "PettyCashOCR", "PettyCashOCR\PettyCashOCR.csproj", "{0A28BB24-31E8-44D5-A355-902D834A21C4}"
EndProject
Global
	GlobalSection(SolutionConfigurationPlatforms) = preSolution
		Debug|Any CPU = Debug|Any CPU
		Release|Any CPU = Release|Any CPU
	EndGlobalSection
	GlobalSection(ProjectConfigurationPlatforms) = postSolution
		{0A28BB24-31E8-44D5-A355-902D834A21C4}.Debug|Any CPU.ActiveCfg = Debug|Any CPU
		{0A28BB24-31E8-44D5-A355-902D834A21C4}.Debug|Any CPU.Build.0 = Debug|Any CPU
		{0A28BB24-31E8-44D5-A355-902D834A21C4}.Release|Any CPU.ActiveCfg = Release|Any CPU
		{0A28BB24-31E8-44D5-A355-902D834A21C4}.Release|Any CPU.Build.0 = Release|Any CPU
	EndGlobalSection
	GlobalSection(SolutionProperties) = preSolution
		HideSolutionNode = FALSE
	EndGlobalSection
	GlobalSection(ExtensibilityGlobals) = postSolution
		SolutionGuid = {0F52EB41-4FBA-43E2-9FB9-0C4D28D1F799}
	EndGlobalSection
EndGlobal
